// !$*UTF8*$!
{
	archiveVersion = 1;
	classes = {
	};
	objectVersion = 50;
	objects = {

/* Begin PBXBuildFile section */
		D1610EC424B2527B00A4FB3B /* AppDelegate.swift in Sources */ = {isa = PBXBuildFile; fileRef = D1610EC324B2527B00A4FB3B /* AppDelegate.swift */; };
		D1610EC624B2527B00A4FB3B /* SceneDelegate.swift in Sources */ = {isa = PBXBuildFile; fileRef = D1610EC524B2527B00A4FB3B /* SceneDelegate.swift */; };
		D1610EC824B2527B00A4FB3B /* ContentView.swift in Sources */ = {isa = PBXBuildFile; fileRef = D1610EC724B2527B00A4FB3B /* ContentView.swift */; };
		D1610ECA24B2528300A4FB3B /* Assets.xcassets in Resources */ = {isa = PBXBuildFile; fileRef = D1610EC924B2528300A4FB3B /* Assets.xcassets */; };
		D1610ECD24B2528300A4FB3B /* Preview Assets.xcassets in Resources */ = {isa = PBXBuildFile; fileRef = D1610ECC24B2528300A4FB3B /* Preview Assets.xcassets */; };
		D1610ED024B2528300A4FB3B /* LaunchScreen.storyboard in Resources */ = {isa = PBXBuildFile; fileRef = D1610ECE24B2528300A4FB3B /* LaunchScreen.storyboard */; };
/* End PBXBuildFile section */

/* Begin PBXFileReference section */
		D1610EC024B2527B00A4FB3B /* Exploring.app */ = {isa = PBXFileReference; explicitFileType = wrapper.application; includeInIndex = 0; path = Exploring.app; sourceTree = BUILT_PRODUCTS_DIR; };
		D1610EC324B2527B00A4FB3B /* AppDelegate.swift */ = {isa = PBXFileReference; lastKnownFileType = sourcecode.swift; path = AppDelegate.swift; sourceTree = "<group>"; };
		D1610EC524B2527B00A4FB3B /* SceneDelegate.swift */ = {isa = PBXFileReference; lastKnownFileType = sourcecode.swift; path = SceneDelegate.swift; sourceTree = "<group>"; };
		D1610EC724B2527B00A4FB3B /* ContentView.swift */ = {isa = PBXFileReference; lastKnownFileType = sourcecode.swift; path = ContentView.swift; sourceTree = "<group>"; };
		D1610EC924B2528300A4FB3B /* Assets.xcassets */ = {isa = PBXFileReference; lastKnownFileType = folder.assetcatalog; path = Assets.xcassets; sourceTree = "<group>"; };
		D1610ECC24B2528300A4FB3B /* Preview Assets.xcassets */ = {isa = PBXFileReference; lastKnownFileType = folder.assetcatalog; path = "Preview Assets.xcassets"; sourceTree = "<group>"; };
		D1610ECF24B2528300A4FB3B /* Base */ = {isa = PBXFileReference; lastKnownFileType = file.storyboard; name = Base; path = Base.lproj/LaunchScreen.storyboard; sourceTree = "<group>"; };
		D1610ED124B2528300A4FB3B /* Info.plist */ = {isa = PBXFileReference; lastKnownFileType = text.plist.xml; path = Info.plist; sourceTree = "<group>"; };
/* End PBXFileReference section */

/* Begin PBXFrameworksBuildPhase section */
		D1610EBD24B2527B00A4FB3B /* Frameworks */ = {
			isa = PBXFrameworksBuildPhase;
			buildActionMask = 2147483647;
			files = (
			);
			runOnlyForDeploymentPostprocessing = 0;
		};
/* End PBXFrameworksBuildPhase section */

/* Begin PBXGroup section */
		D1610EB724B2527B00A4FB3B = {
			isa = PBXGroup;
			children = (
				D1610EC224B2527B00A4FB3B /* Exploring */,
				D1610EC124B2527B00A4FB3B /* Products */,
			);
			sourceTree = "<group>";
		};
		D1610EC124B2527B00A4FB3B /* Products */ = {
			isa = PBXGroup;
			children = (
				D1610EC024B2527B00A4FB3B /* Exploring.app */,
			);
			name = Products;
			sourceTree = "<group>";
		};
		D1610EC224B2527B00A4FB3B /* Exploring */ = {
			isa = PBXGroup;
			children = (
				D1610EC324B2527B00A4FB3B /* AppDelegate.swift */,
				D1610EC524B2527B00A4FB3B /* SceneDelegate.swift */,
				D1610EC724B2527B00A4FB3B /* ContentView.swift */,
				D1610EC924B2528300A4FB3B /* Assets.xcassets */,
				D1610ECE24B2528300A4FB3B /* LaunchScreen.storyboard */,
				D1610ED124B2528300A4FB3B /* Info.plist */,
				D1610ECB24B2528300A4FB3B /* Preview Content */,
			);
			path = Exploring;
			sourceTree = "<group>";
		};
		D1610ECB24B2528300A4FB3B /* Preview Content */ = {
			isa = PBXGroup;
			children = (
				D1610ECC24B2528300A4FB3B /* Preview Assets.xcassets */,
			);
			path = "Preview Content";
			sourceTree = "<group>";
		};
/* End PBXGroup section */

/* Begin PBXNativeTarget section */
		D1610EBF24B2527B00A4FB3B /* Exploring */ = {
			isa = PBXNativeTarget;
			buildConfigurationList = D1610ED424B2528300A4FB3B /* Build configuration list for PBXNativeTarget "Exploring" */;
			buildPhases = (
				D1610EBC24B2527B00A4FB3B /* Sources */,
				D1610EBD24B2527B00A4FB3B /* Frameworks */,
				D1610EBE24B2527B00A4FB3B /* Resources */,
			);
			buildRules = (
			);
			dependencies = (
			);
			name = Exploring;
			productName = Exploring;
			productReference = D1610EC024B2527B00A4FB3B /* Exploring.app */;
			productType = "com.apple.product-type.application";
		};
/* End PBXNativeTarget section */

/* Begin PBXProject section */
		D1610EB824B2527B00A4FB3B /* Project object */ = {
			isa = PBXProject;
			attributes = {
				LastSwiftUpdateCheck = 1150;
				LastUpgradeCheck = 1150;
				TargetAttributes = {
					D1610EBF24B2527B00A4FB3B = {
						CreatedOnToolsVersion = 11.5;
					};
				};
			};
			buildConfigurationList = D1610EBB24B2527B00A4FB3B /* Build configuration list for PBXProject "Exploring" */;
			compatibilityVersion = "Xcode 9.3";
			developmentRegion = en;
			hasScannedForEncodings = 0;
			knownRegions = (
				en,
				Base,
			);
			mainGroup = D1610EB724B2527B00A4FB3B;
			productRefGroup = D1610EC124B2527B00A4FB3B /* Products */;
			projectDirPath = "";
			projectRoot = "";
			targets = (
				D1610EBF24B2527B00A4FB3B /* Exploring */,
			);
		};
/* End PBXProject section */

/* Begin PBXResourcesBuildPhase section */
		D1610EBE24B2527B00A4FB3B /* Resources */ = {
			isa = PBXResourcesBuildPhase;
			buildActionMask = 2147483647;
			files = (
				D1610ED024B2528300A4FB3B /* LaunchScreen.storyboard in Resources */,
				D1610ECD24B2528300A4FB3B /* Preview Assets.xcassets in Resources */,
				D1610ECA24B2528300A4FB3B /* Assets.xcassets in Resources */,
			);
			runOnlyForDeploymentPostprocessing = 0;
		};
/* End PBXResourcesBuildPhase section */

/* Begin PBXSourcesBuildPhase section */
		D1610EBC24B2527B00A4FB3B /* Sources */ = {
			isa = PBXSourcesBuildPhase;
			buildActionMask = 2147483647;
			files = (
				D1610EC424B2527B00A4FB3B /* AppDelegate.swift in Sources */,
				D1610EC624B2527B00A4FB3B /* SceneDelegate.swift in Sources */,
				D1610EC824B2527B00A4FB3B /* ContentView.swift in Sources */,
			);
			runOnlyForDeploymentPostprocessing = 0;
		};
/* End PBXSourcesBuildPhase section */

/* Begin PBXVariantGroup section */
		D1610ECE24B2528300A4FB3B /* LaunchScreen.storyboard */ = {
			isa = PBXVariantGroup;
			children = (
				D1610ECF24B2528300A4FB3B /* Base */,
			);
			name = LaunchScreen.storyboard;
			sourceTree = "<group>";
		};
/* End PBXVariantGroup section */

/* Begin XCBuildConfiguration section */
		D1610ED224B2528300A4FB3B /* Debug */ = {
			isa = XCBuildConfiguration;
			buildSettings = {
				ALWAYS_SEARCH_USER_PATHS = NO;
				CLANG_ANALYZER_NONNULL = YES;
				CLANG_ANALYZER_NUMBER_OBJECT_CONVERSION = YES_AGGRESSIVE;
				CLANG_CXX_LANGUAGE_STANDARD = "gnu++14";
				CLANG_CXX_LIBRARY = "libc++";
				CLANG_ENABLE_MODULES = YES;
				CLANG_ENABLE_OBJC_ARC = YES;
				CLANG_ENABLE_OBJC_WEAK = YES;
				CLANG_WARN_BLOCK_CAPTURE_AUTORELEASING = YES;
				CLANG_WARN_BOOL_CONVERSION = YES;
				CLANG_WARN_COMMA = YES;
				CLANG_WARN_CONSTANT_CONVERSION = YES;
				CLANG_WARN_DEPRECATED_OBJC_IMPLEMENTATIONS = YES;
				CLANG_WARN_DIRECT_OBJC_ISA_USAGE = YES_ERROR;
				CLANG_WARN_DOCUMENTATION_COMMENTS = YES;
				CLANG_WARN_EMPTY_BODY = YES;
				CLANG_WARN_ENUM_CONVERSION = YES;
				CLANG_WARN_INFINITE_RECURSION = YES;
				CLANG_WARN_INT_CONVERSION = YES;
				CLANG_WARN_NON_LITERAL_NULL_CONVERSION = YES;
				CLANG_WARN_OBJC_IMPLICIT_RETAIN_SELF = YES;
				CLANG_WARN_OBJC_LITERAL_CONVERSION = YES;
				CLANG_WARN_OBJC_ROOT_CLASS = YES_ERROR;
				CLANG_WARN_RANGE_LOOP_ANALYSIS = YES;
				CLANG_WARN_STRICT_PROTOTYPES = YES;
				CLANG_WARN_SUSPICIOUS_MOVE = YES;
				CLANG_WARN_UNGUARDED_AVAILABILITY = YES_AGGRESSIVE;
				CLANG_WARN_UNREACHABLE_CODE = YES;
				CLANG_WARN__DUPLICATE_METHOD_MATCH = YES;
				COPY_PHASE_STRIP = NO;
				DEBUG_INFORMATION_FORMAT = dwarf;
				ENABLE_STRICT_OBJC_MSGSEND = YES;
				ENABLE_TESTABILITY = YES;
				GCC_C_LANGUAGE_STANDARD = gnu11;
				GCC_DYNAMIC_NO_PIC = NO;
				GCC_NO_COMMON_BLOCKS = YES;
				GCC_OPTIMIZATION_LEVEL = 0;
				GCC_PREPROCESSOR_DEFINITIONS = (
					"DEBUG=1",
					"$(inherited)",
				);
				GCC_WARN_64_TO_32_BIT_CONVERSION = YES;
				GCC_WARN_ABOUT_RETURN_TYPE = YES_ERROR;
				GCC_WARN_UNDECLARED_SELECTOR = YES;
				GCC_WARN_UNINITIALIZED_AUTOS = YES_AGGRESSIVE;
				GCC_WARN_UNUSED_FUNCTION = YES;
				GCC_WARN_UNUSED_VARIABLE = YES;
				IPHONEOS_DEPLOYMENT_TARGET = 13.5;
				MTL_ENABLE_DEBUG_INFO = INCLUDE_SOURCE;
				MTL_FAST_MATH = YES;
				ONLY_ACTIVE_ARCH = YES;
				SDKROOT = iphoneos;
				SWIFT_ACTIVE_COMPILATION_CONDITIONS = DEBUG;
				SWIFT_OPTIMIZATION_LEVEL = "-Onone";
			};
			name = Debug;
		};
		D1610ED324B2528300A4FB3B /* Release */ = {
			isa = XCBuildConfiguration;
			buildSettings = {
				ALWAYS_SEARCH_USER_PATHS = NO;
				CLANG_ANALYZER_NONNULL = YES;
				CLANG_ANALYZER_NUMBER_OBJECT_CONVERSION = YES_AGGRESSIVE;
				CLANG_CXX_LANGUAGE_STANDARD = "gnu++14";
				CLANG_CXX_LIBRARY = "libc++";
				CLANG_ENABLE_MODULES = YES;
				CLANG_ENABLE_OBJC_ARC = YES;
				CLANG_ENABLE_OBJC_WEAK = YES;
				CLANG_WARN_BLOCK_CAPTURE_AUTORELEASING = YES;
				CLANG_WARN_BOOL_CONVERSION = YES;
				CLANG_WARN_COMMA = YES;
				CLANG_WARN_CONSTANT_CONVERSION = YES;
				CLANG_WARN_DEPRECATED_OBJC_IMPLEMENTATIONS = YES;
				CLANG_WARN_DIRECT_OBJC_ISA_USAGE = YES_ERROR;
				CLANG_WARN_DOCUMENTATION_COMMENTS = YES;
				CLANG_WARN_EMPTY_BODY = YES;
				CLANG_WARN_ENUM_CONVERSION = YES;
				CLANG_WARN_INFINITE_RECURSION = YES;
				CLANG_WARN_INT_CONVERSION = YES;
				CLANG_WARN_NON_LITERAL_NULL_CONVERSION = YES;
				CLANG_WARN_OBJC_IMPLICIT_RETAIN_SELF = YES;
				CLANG_WARN_OBJC_LITERAL_CONVERSION = YES;
				CLANG_WARN_OBJC_ROOT_CLASS = YES_ERROR;
				CLANG_WARN_RANGE_LOOP_ANALYSIS = YES;
				CLANG_WARN_STRICT_PROTOTYPES = YES;
				CLANG_WARN_SUSPICIOUS_MOVE = YES;
				CLANG_WARN_UNGUARDED_AVAILABILITY = YES_AGGRESSIVE;
				CLANG_WARN_UNREACHABLE_CODE = YES;
				CLANG_WARN__DUPLICATE_METHOD_MATCH = YES;
				COPY_PHASE_STRIP = NO;
				DEBUG_INFORMATION_FORMAT = "dwarf-with-dsym";
				ENABLE_NS_ASSERTIONS = NO;
				ENABLE_STRICT_OBJC_MSGSEND = YES;
				GCC_C_LANGUAGE_STANDARD = gnu11;
				GCC_NO_COMMON_BLOCKS = YES;
				GCC_WARN_64_TO_32_BIT_CONVERSION = YES;
				GCC_WARN_ABOUT_RETURN_TYPE = YES_ERROR;
				GCC_WARN_UNDECLARED_SELECTOR = YES;
				GCC_WARN_UNINITIALIZED_AUTOS = YES_AGGRESSIVE;
				GCC_WARN_UNUSED_FUNCTION = YES;
				GCC_WARN_UNUSED_VARIABLE = YES;
				IPHONEOS_DEPLOYMENT_TARGET = 13.5;
				MTL_ENABLE_DEBUG_INFO = NO;
				MTL_FAST_MATH = YES;
				SDKROOT = iphoneos;
				SWIFT_COMPILATION_MODE = wholemodule;
				SWIFT_OPTIMIZATION_LEVEL = "-O";
				VALIDATE_PRODUCT = YES;
			};
			name = Release;
		};
		D1610ED524B2528300A4FB3B /* Debug */ = {
			isa = XCBuildConfiguration;
			buildSettings = {
				ASSETCATALOG_COMPILER_APPICON_NAME = AppIcon;
				CODE_SIGN_STYLE = Automatic;
				DEVELOPMENT_ASSET_PATHS = "\"Exploring/Preview Content\"";
				ENABLE_PREVIEWS = YES;
				INFOPLIST_FILE = Exploring/Info.plist;
				LD_RUNPATH_SEARCH_PATHS = (
					"$(inherited)",
					"@executable_path/Frameworks",
				);
				PRODUCT_BUNDLE_IDENTIFIER = iOS.Exploring;
				PRODUCT_NAME = "$(TARGET_NAME)";
				SWIFT_VERSION = 5.0;
				TARGETED_DEVICE_FAMILY = "1,2";
			};
			name = Debug;
		};
		D1610ED624B2528300A4FB3B /* Release */ = {
			isa = XCBuildConfiguration;
			buildSettings = {
				ASSETCATALOG_COMPILER_APPICON_NAME = AppIcon;
				CODE_SIGN_STYLE = Automatic;
				DEVELOPMENT_ASSET_PATHS = "\"Exploring/Preview Content\"";
				ENABLE_PREVIEWS = YES;
				INFOPLIST_FILE = Exploring/Info.plist;
				LD_RUNPATH_SEARCH_PATHS = (
					"$(inherited)",
					"@executable_path/Frameworks",
				);
				PRODUCT_BUNDLE_IDENTIFIER = iOS.Exploring;
				PRODUCT_NAME = "$(TARGET_NAME)";
				SWIFT_VERSION = 5.0;
				TARGETED_DEVICE_FAMILY = "1,2";
			};
			name = Release;
		};
/* End XCBuildConfiguration section */

/* Begin XCConfigurationList section */
		D1610EBB24B2527B00A4FB3B /* Build configuration list for PBXProject "Exploring" */ = {
			isa = XCConfigurationList;
			buildConfigurations = (
				D1610ED224B2528300A4FB3B /* Debug */,
				D1610ED324B2528300A4FB3B /* Release */,
			);
			defaultConfigurationIsVisible = 0;
			defaultConfigurationName = Release;
		};
		D1610ED424B2528300A4FB3B /* Build configuration list for PBXNativeTarget "Exploring" */ = {
			isa = XCConfigurationList;
			buildConfigurations = (
				D1610ED524B2528300A4FB3B /* Debug */,
				D1610ED624B2528300A4FB3B /* Release */,
			);
			defaultConfigurationIsVisible = 0;
			defaultConfigurationName = Release;
		};
/* End XCConfigurationList section */
	};
	rootObject = D1610EB824B2527B00A4FB3B /* Project object */;
}
